
Microsoft Visual Studio Solution File, Format Version 12.00
# Visual Studio Version 17
VisualStudioVersion = 17.7.34031.279
MinimumVisualStudioVersion = 10.0.40219.1
Project("{8BC9CEB8-8B4A-11D0-8D11-00A0C91BC942}") = "observer", "observer.vcxproj", "{B9B277D7-19E9-491F-8AE0-22EE7BCDB1E5}"
EndProject
Global
	GlobalSection(SolutionConfigurationPlatforms) = preSolution
		Debug|x64 = Debug|x64
		Debug|x86 = Debug|x86
		Release|x64 = Release|x64
		Release|x86 = Release|x86
	EndGlobalSection
	GlobalSection(ProjectConfigurationPlatforms) = postSolution
		{B9B277D7-19E9-491F-8AE0-22EE7BCDB1E5}.Debug|x64.ActiveCfg = Debug|x64
		{B9B277D7-19E9-491F-8AE0-22EE7BCDB1E5}.Debug|x64.Build.0 = Debug|x64
		{B9B277D7-19E9-491F-8AE0-22EE7BCDB1E5}.Debug|x86.ActiveCfg = Debug|Win32
		{B9B277D7-19E9-491F-8AE0-22EE7BCDB1E5}.Debug|x86.Build.0 = Debug|Win32
		{B9B277D7-19E9-491F-8AE0-22EE7BCDB1E5}.Release|x64.ActiveCfg = Release|x64
		{B9B277D7-19E9-491F-8AE0-22EE7BCDB1E5}.Release|x64.Build.0 = Release|x64
		{B9B277D7-19E9-491F-8AE0-22EE7BCDB1E5}.Release|x86.ActiveCfg = Release|Win32
		{B9B277D7-19E9-491F-8AE0-22EE7BCDB1E5}.Release|x86.Build.0 = Release|Win32
	EndGlobalSection
	GlobalSection(SolutionProperties) = preSolution
		HideSolutionNode = FALSE
	EndGlobalSection
	GlobalSection(ExtensibilityGlobals) = postSolution
		SolutionGuid = {0A7E0DC8-FFD0-44A3-A0A0-F414799F3893}
	EndGlobalSection
EndGlobal
